
Microsoft Visual Studio Solution File, Format Version 12.00
# Visual Studio 15
VisualStudioVersion = 15.0.27130.2027
MinimumVisualStudioVersion = 10.0.40219.1
Project("{2150E333-8FDC-42A3-9474-1A3956D46DE8}") = "1 - Presentation", "1 - Presentation", "{BDA21F9F-3BFD-4C0D-AB63-3BE4618E4BD9}"
EndProject
Project("{2150E333-8FDC-42A3-9474-1A3956D46DE8}") = "2 - Application Service", "2 - Application Service", "{C4AB3B45-FFCB-4590-A72C-5CDB498E1F11}"
EndProject
Project("{2150E333-8FDC-42A3-9474-1A3956D46DE8}") = "3 - Service", "3 - Service", "{FFA062A9-4230-4BDC-9B87-26A9AB2A1744}"
EndProject
Project("{2150E333-8FDC-42A3-9474-1A3956D46DE8}") = "4 - Domain", "4 - Domain", "{993428A5-4E1C-49D4-AAA4-342A1124096B}"
EndProject
Project("{2150E333-8FDC-42A3-9474-1A3956D46DE8}") = "5 - Infrastructure", "5 - Infrastructure", "{D8D31C36-9969-4002-95A7-30825E2A60A6}"
EndProject
Project("{2150E333-8FDC-42A3-9474-1A3956D46DE8}") = "5.1 - Data", "5.1 - Data", "{F0E22005-A5AE-4E18-A794-9D5FE2A58A74}"
EndProject
Project("{2150E333-8FDC-42A3-9474-1A3956D46DE8}") = "5.2 - CrossCutting", "5.2 - CrossCutting", "{5955FA0D-B84E-470B-8723-D99A8B8F9FD1}"
EndProject
Project("{2150E333-8FDC-42A3-9474-1A3956D46DE8}") = "tests", "tests", "{BF861B16-0D0D-4EC8-B6A5-22E0175D3705}"
EndProject
Project("{9A19103F-16F7-4668-BE54-9A1E7A4F7556}") = "Serko.Core.Domain", "src\Serko.Core.Domain\Serko.Core.Domain.csproj", "{16B02D9D-B3E3-478E-BD1D-E574C130B9F2}"
EndProject
Project("{9A19103F-16F7-4668-BE54-9A1E7A4F7556}") = "Serko.Core.Service", "src\Serko.Core.Service\Serko.Core.Service.csproj", "{B3836BA4-B0F6-4485-B4B1-5002918B3184}"
EndProject
Project("{9A19103F-16F7-4668-BE54-9A1E7A4F7556}") = "Serko.Core.ApplicationService", "src\Serko.Core.ApplicationService\Serko.Core.ApplicationService.csproj", "{C5AF51FA-76DC-4E09-9E5C-C271CCE4B796}"
EndProject
Project("{2150E333-8FDC-42A3-9474-1A3956D46DE8}") = "6.2 ApplicationService", "6.2 ApplicationService", "{0FE66B53-3D66-45AD-99B9-F2578C9258B5}"
EndProject
Project("{2150E333-8FDC-42A3-9474-1A3956D46DE8}") = "6.3 Services", "6.3 Services", "{6F44193B-7879-4AFB-B4AE-C0B659068AAC}"
EndProject
Project("{2150E333-8FDC-42A3-9474-1A3956D46DE8}") = "6.5 Data", "6.5 Data", "{E466CB71-705E-4E11-B77C-66F2C37A47A8}"
EndProject
Project("{2150E333-8FDC-42A3-9474-1A3956D46DE8}") = "6.1 Presentation", "6.1 Presentation", "{B0E7C4A8-53F7-437E-900D-E44CC7FB9B74}"
EndProject
Project("{2150E333-8FDC-42A3-9474-1A3956D46DE8}") = "src", "src", "{8C903B7E-4CD4-4254-A1A4-E114C5E3769C}"
EndProject
Project("{2150E333-8FDC-42A3-9474-1A3956D46DE8}") = "6 Tests", "6 Tests", "{94C1A832-7CA5-496E-94AC-81134EAFE90D}"
EndProject
Project("{9A19103F-16F7-4668-BE54-9A1E7A4F7556}") = "Serko.Core.Infrastructure.Data", "src\Serko.Core.Infrastructure.Data\Serko.Core.Infrastructure.Data.csproj", "{BC3FD164-3C9B-4D5C-B490-FC40E8833CCD}"
EndProject
Project("{2150E333-8FDC-42A3-9474-1A3956D46DE8}") = "6.4 Domain", "6.4 Domain", "{17851887-D575-458A-AEE6-DFFEFBB565B9}"
EndProject
Project("{9A19103F-16F7-4668-BE54-9A1E7A4F7556}") = "Serko.Core.Api", "src\Serko.Core.Api\Serko.Core.Api.csproj", "{DD063EA2-BB37-4660-AC33-DA96DA37885F}"
EndProject
Project("{9A19103F-16F7-4668-BE54-9A1E7A4F7556}") = "Serko.Core.API.Test", "tests\Serko.Core.API.Test\Serko.Core.API.Test.csproj", "{A1A8E4BB-8020-4735-B591-BD64B9A6E46E}"
EndProject
Project("{9A19103F-16F7-4668-BE54-9A1E7A4F7556}") = "Serko.Core.ApplicationService.Test", "tests\Serko.Core.ApplicationService.Test\Serko.Core.ApplicationService.Test.csproj", "{8620F5B8-CC93-4816-A10B-259455CB2FEB}"
EndProject
Project("{9A19103F-16F7-4668-BE54-9A1E7A4F7556}") = "Serko.Core.Services.Test", "tests\Serko.Core.Services.Test\Serko.Core.Services.Test.csproj", "{54F3BB25-55A0-49AA-A96B-E81E45DFDBD4}"
EndProject
Project("{9A19103F-16F7-4668-BE54-9A1E7A4F7556}") = "Serko.Core.Domain.Test", "tests\Serko.Core.Domain.Test\Serko.Core.Domain.Test.csproj", "{18C0B1DE-FF69-42DD-8C9B-E0E0A565B618}"
EndProject
Project("{9A19103F-16F7-4668-BE54-9A1E7A4F7556}") = "Serko.Core.Data.Test", "tests\Serko.Core.Data.Test\Serko.Core.Data.Test.csproj", "{89DD6F62-AC19-4C17-82BA-166142394A3E}"
EndProject
Project("{9A19103F-16F7-4668-BE54-9A1E7A4F7556}") = "Serko.Core.Infrastructure.CrossCutting.IoC", "src\Serko.Core.Infrastructure.CrossCutting.IoC\Serko.Core.Infrastructure.CrossCutting.IoC.csproj", "{A22DC128-BDA9-4DB1-9E13-4C1D726481A6}"
EndProject
Global
	GlobalSection(SolutionConfigurationPlatforms) = preSolution
		Debug|Any CPU = Debug|Any CPU
		Release|Any CPU = Release|Any CPU
		Staging|Any CPU = Staging|Any CPU
	EndGlobalSection
	GlobalSection(ProjectConfigurationPlatforms) = postSolution
		{16B02D9D-B3E3-478E-BD1D-E574C130B9F2}.Debug|Any CPU.ActiveCfg = Debug|Any CPU
		{16B02D9D-B3E3-478E-BD1D-E574C130B9F2}.Debug|Any CPU.Build.0 = Debug|Any CPU
		{16B02D9D-B3E3-478E-BD1D-E574C130B9F2}.Release|Any CPU.ActiveCfg = Release|Any CPU
		{16B02D9D-B3E3-478E-BD1D-E574C130B9F2}.Release|Any CPU.Build.0 = Release|Any CPU
		{16B02D9D-B3E3-478E-BD1D-E574C130B9F2}.Staging|Any CPU.ActiveCfg = Staging|Any CPU
		{16B02D9D-B3E3-478E-BD1D-E574C130B9F2}.Staging|Any CPU.Build.0 = Staging|Any CPU
		{B3836BA4-B0F6-4485-B4B1-5002918B3184}.Debug|Any CPU.ActiveCfg = Debug|Any CPU
		{B3836BA4-B0F6-4485-B4B1-5002918B3184}.Debug|Any CPU.Build.0 = Debug|Any CPU
		{B3836BA4-B0F6-4485-B4B1-5002918B3184}.Release|Any CPU.ActiveCfg = Release|Any CPU
		{B3836BA4-B0F6-4485-B4B1-5002918B3184}.Release|Any CPU.Build.0 = Release|Any CPU
		{B3836BA4-B0F6-4485-B4B1-5002918B3184}.Staging|Any CPU.ActiveCfg = Staging|Any CPU
		{B3836BA4-B0F6-4485-B4B1-5002918B3184}.Staging|Any CPU.Build.0 = Staging|Any CPU
		{C5AF51FA-76DC-4E09-9E5C-C271CCE4B796}.Debug|Any CPU.ActiveCfg = Debug|Any CPU
		{C5AF51FA-76DC-4E09-9E5C-C271CCE4B796}.Debug|Any CPU.Build.0 = Debug|Any CPU
		{C5AF51FA-76DC-4E09-9E5C-C271CCE4B796}.Release|Any CPU.ActiveCfg = Release|Any CPU
		{C5AF51FA-76DC-4E09-9E5C-C271CCE4B796}.Release|Any CPU.Build.0 = Release|Any CPU
		{C5AF51FA-76DC-4E09-9E5C-C271CCE4B796}.Staging|Any CPU.ActiveCfg = Staging|Any CPU
		{C5AF51FA-76DC-4E09-9E5C-C271CCE4B796}.Staging|Any CPU.Build.0 = Staging|Any CPU
		{BC3FD164-3C9B-4D5C-B490-FC40E8833CCD}.Debug|Any CPU.ActiveCfg = Debug|Any CPU
		{BC3FD164-3C9B-4D5C-B490-FC40E8833CCD}.Debug|Any CPU.Build.0 = Debug|Any CPU
		{BC3FD164-3C9B-4D5C-B490-FC40E8833CCD}.Release|Any CPU.ActiveCfg = Release|Any CPU
		{BC3FD164-3C9B-4D5C-B490-FC40E8833CCD}.Release|Any CPU.Build.0 = Release|Any CPU
		{BC3FD164-3C9B-4D5C-B490-FC40E8833CCD}.Staging|Any CPU.ActiveCfg = Staging|Any CPU
		{BC3FD164-3C9B-4D5C-B490-FC40E8833CCD}.Staging|Any CPU.Build.0 = Staging|Any CPU
		{DD063EA2-BB37-4660-AC33-DA96DA37885F}.Debug|Any CPU.ActiveCfg = Debug|Any CPU
		{DD063EA2-BB37-4660-AC33-DA96DA37885F}.Debug|Any CPU.Build.0 = Debug|Any CPU
		{DD063EA2-BB37-4660-AC33-DA96DA37885F}.Release|Any CPU.ActiveCfg = Release|Any CPU
		{DD063EA2-BB37-4660-AC33-DA96DA37885F}.Release|Any CPU.Build.0 = Release|Any CPU
		{DD063EA2-BB37-4660-AC33-DA96DA37885F}.Staging|Any CPU.ActiveCfg = Staging|Any CPU
		{DD063EA2-BB37-4660-AC33-DA96DA37885F}.Staging|Any CPU.Build.0 = Staging|Any CPU
		{A1A8E4BB-8020-4735-B591-BD64B9A6E46E}.Debug|Any CPU.ActiveCfg = Debug|Any CPU
		{A1A8E4BB-8020-4735-B591-BD64B9A6E46E}.Debug|Any CPU.Build.0 = Debug|Any CPU
		{A1A8E4BB-8020-4735-B591-BD64B9A6E46E}.Release|Any CPU.ActiveCfg = Release|Any CPU
		{A1A8E4BB-8020-4735-B591-BD64B9A6E46E}.Release|Any CPU.Build.0 = Release|Any CPU
		{A1A8E4BB-8020-4735-B591-BD64B9A6E46E}.Staging|Any CPU.ActiveCfg = Staging|Any CPU
		{A1A8E4BB-8020-4735-B591-BD64B9A6E46E}.Staging|Any CPU.Build.0 = Staging|Any CPU
		{8620F5B8-CC93-4816-A10B-259455CB2FEB}.Debug|Any CPU.ActiveCfg = Debug|Any CPU
		{8620F5B8-CC93-4816-A10B-259455CB2FEB}.Debug|Any CPU.Build.0 = Debug|Any CPU
		{8620F5B8-CC93-4816-A10B-259455CB2FEB}.Release|Any CPU.ActiveCfg = Release|Any CPU
		{8620F5B8-CC93-4816-A10B-259455CB2FEB}.Release|Any CPU.Build.0 = Release|Any CPU
		{8620F5B8-CC93-4816-A10B-259455CB2FEB}.Staging|Any CPU.ActiveCfg = Staging|Any CPU
		{8620F5B8-CC93-4816-A10B-259455CB2FEB}.Staging|Any CPU.Build.0 = Staging|Any CPU
		{54F3BB25-55A0-49AA-A96B-E81E45DFDBD4}.Debug|Any CPU.ActiveCfg = Debug|Any CPU
		{54F3BB25-55A0-49AA-A96B-E81E45DFDBD4}.Debug|Any CPU.Build.0 = Debug|Any CPU
		{54F3BB25-55A0-49AA-A96B-E81E45DFDBD4}.Release|Any CPU.ActiveCfg = Release|Any CPU
		{54F3BB25-55A0-49AA-A96B-E81E45DFDBD4}.Release|Any CPU.Build.0 = Release|Any CPU
		{54F3BB25-55A0-49AA-A96B-E81E45DFDBD4}.Staging|Any CPU.ActiveCfg = Staging|Any CPU
		{54F3BB25-55A0-49AA-A96B-E81E45DFDBD4}.Staging|Any CPU.Build.0 = Staging|Any CPU
		{18C0B1DE-FF69-42DD-8C9B-E0E0A565B618}.Debug|Any CPU.ActiveCfg = Debug|Any CPU
		{18C0B1DE-FF69-42DD-8C9B-E0E0A565B618}.Debug|Any CPU.Build.0 = Debug|Any CPU
		{18C0B1DE-FF69-42DD-8C9B-E0E0A565B618}.Release|Any CPU.ActiveCfg = Release|Any CPU
		{18C0B1DE-FF69-42DD-8C9B-E0E0A565B618}.Release|Any CPU.Build.0 = Release|Any CPU
		{18C0B1DE-FF69-42DD-8C9B-E0E0A565B618}.Staging|Any CPU.ActiveCfg = Staging|Any CPU
		{18C0B1DE-FF69-42DD-8C9B-E0E0A565B618}.Staging|Any CPU.Build.0 = Staging|Any CPU
		{89DD6F62-AC19-4C17-82BA-166142394A3E}.Debug|Any CPU.ActiveCfg = Debug|Any CPU
		{89DD6F62-AC19-4C17-82BA-166142394A3E}.Debug|Any CPU.Build.0 = Debug|Any CPU
		{89DD6F62-AC19-4C17-82BA-166142394A3E}.Release|Any CPU.ActiveCfg = Release|Any CPU
		{89DD6F62-AC19-4C17-82BA-166142394A3E}.Release|Any CPU.Build.0 = Release|Any CPU
		{89DD6F62-AC19-4C17-82BA-166142394A3E}.Staging|Any CPU.ActiveCfg = Staging|Any CPU
		{89DD6F62-AC19-4C17-82BA-166142394A3E}.Staging|Any CPU.Build.0 = Staging|Any CPU
		{A22DC128-BDA9-4DB1-9E13-4C1D726481A6}.Debug|Any CPU.ActiveCfg = Debug|Any CPU
		{A22DC128-BDA9-4DB1-9E13-4C1D726481A6}.Debug|Any CPU.Build.0 = Debug|Any CPU
		{A22DC128-BDA9-4DB1-9E13-4C1D726481A6}.Release|Any CPU.ActiveCfg = Release|Any CPU
		{A22DC128-BDA9-4DB1-9E13-4C1D726481A6}.Release|Any CPU.Build.0 = Release|Any CPU
		{A22DC128-BDA9-4DB1-9E13-4C1D726481A6}.Staging|Any CPU.ActiveCfg = Staging|Any CPU
		{A22DC128-BDA9-4DB1-9E13-4C1D726481A6}.Staging|Any CPU.Build.0 = Staging|Any CPU
	EndGlobalSection
	GlobalSection(SolutionProperties) = preSolution
		HideSolutionNode = FALSE
	EndGlobalSection
	GlobalSection(NestedProjects) = preSolution
		{BDA21F9F-3BFD-4C0D-AB63-3BE4618E4BD9} = {8C903B7E-4CD4-4254-A1A4-E114C5E3769C}
		{C4AB3B45-FFCB-4590-A72C-5CDB498E1F11} = {8C903B7E-4CD4-4254-A1A4-E114C5E3769C}
		{FFA062A9-4230-4BDC-9B87-26A9AB2A1744} = {8C903B7E-4CD4-4254-A1A4-E114C5E3769C}
		{993428A5-4E1C-49D4-AAA4-342A1124096B} = {8C903B7E-4CD4-4254-A1A4-E114C5E3769C}
		{D8D31C36-9969-4002-95A7-30825E2A60A6} = {8C903B7E-4CD4-4254-A1A4-E114C5E3769C}
		{F0E22005-A5AE-4E18-A794-9D5FE2A58A74} = {D8D31C36-9969-4002-95A7-30825E2A60A6}
		{5955FA0D-B84E-470B-8723-D99A8B8F9FD1} = {D8D31C36-9969-4002-95A7-30825E2A60A6}
		{16B02D9D-B3E3-478E-BD1D-E574C130B9F2} = {993428A5-4E1C-49D4-AAA4-342A1124096B}
		{B3836BA4-B0F6-4485-B4B1-5002918B3184} = {FFA062A9-4230-4BDC-9B87-26A9AB2A1744}
		{C5AF51FA-76DC-4E09-9E5C-C271CCE4B796} = {C4AB3B45-FFCB-4590-A72C-5CDB498E1F11}
		{0FE66B53-3D66-45AD-99B9-F2578C9258B5} = {94C1A832-7CA5-496E-94AC-81134EAFE90D}
		{6F44193B-7879-4AFB-B4AE-C0B659068AAC} = {94C1A832-7CA5-496E-94AC-81134EAFE90D}
		{E466CB71-705E-4E11-B77C-66F2C37A47A8} = {94C1A832-7CA5-496E-94AC-81134EAFE90D}
		{B0E7C4A8-53F7-437E-900D-E44CC7FB9B74} = {94C1A832-7CA5-496E-94AC-81134EAFE90D}
		{94C1A832-7CA5-496E-94AC-81134EAFE90D} = {BF861B16-0D0D-4EC8-B6A5-22E0175D3705}
		{BC3FD164-3C9B-4D5C-B490-FC40E8833CCD} = {F0E22005-A5AE-4E18-A794-9D5FE2A58A74}
		{17851887-D575-458A-AEE6-DFFEFBB565B9} = {94C1A832-7CA5-496E-94AC-81134EAFE90D}
		{DD063EA2-BB37-4660-AC33-DA96DA37885F} = {BDA21F9F-3BFD-4C0D-AB63-3BE4618E4BD9}
		{A1A8E4BB-8020-4735-B591-BD64B9A6E46E} = {B0E7C4A8-53F7-437E-900D-E44CC7FB9B74}
		{8620F5B8-CC93-4816-A10B-259455CB2FEB} = {0FE66B53-3D66-45AD-99B9-F2578C9258B5}
		{54F3BB25-55A0-49AA-A96B-E81E45DFDBD4} = {6F44193B-7879-4AFB-B4AE-C0B659068AAC}
		{18C0B1DE-FF69-42DD-8C9B-E0E0A565B618} = {17851887-D575-458A-AEE6-DFFEFBB565B9}
		{89DD6F62-AC19-4C17-82BA-166142394A3E} = {E466CB71-705E-4E11-B77C-66F2C37A47A8}
		{A22DC128-BDA9-4DB1-9E13-4C1D726481A6} = {5955FA0D-B84E-470B-8723-D99A8B8F9FD1}
	EndGlobalSection
	GlobalSection(ExtensibilityGlobals) = postSolution
		SolutionGuid = {6F4D5930-B298-4890-9DF9-EA203D573618}
	EndGlobalSection
EndGlobal
